
Microsoft Visual Studio Solution File, Format Version 12.00
# Visual Studio 14
VisualStudioVersion = 14.0.25420.1
MinimumVisualStudioVersion = 10.0.40219.1
Project("{FAE04EC0-301F-11D3-BF4B-00C04F79EFBC}") = "01.House-Price", "01.House-Price\01.House-Price.csproj", "{8374380C-BEC9-4384-8592-BBBFDE5CAB16}"
EndProject
Project("{FAE04EC0-301F-11D3-BF4B-00C04F79EFBC}") = "02.Flower-Shop", "02.Flower-Shop\02.Flower-Shop.csproj", "{F4A4F7F1-DE45-4719-B2EA-295B5C8B469F}"
EndProject
Project("{FAE04EC0-301F-11D3-BF4B-00C04F79EFBC}") = "03.Bike-Race", "03.Bike-Race\03.Bike-Race.csproj", "{C62BAB0A-DFA0-44A1-A30E-3AB18237DFC2}"
EndProject
Project("{FAE04EC0-301F-11D3-BF4B-00C04F79EFBC}") = "04.Logistics", "04.Logistics\04.Logistics.csproj", "{08643B43-D35A-45DD-A27D-4FE39136461A}"
EndProject
Project("{FAE04EC0-301F-11D3-BF4B-00C04F79EFBC}") = "05.Rocket", "05.Rocket\05.Rocket.csproj", "{DC4FDB39-4EA7-4ED9-ACC2-12FC1C9BDBAF}"
EndProject
Project("{FAE04EC0-301F-11D3-BF4B-00C04F79EFBC}") = "06.Max-Combination", "06.Max-Combination\06.Max-Combination.csproj", "{207969B2-C417-4D84-BE8C-7EF356B21184}"
EndProject
Global
	GlobalSection(SolutionConfigurationPlatforms) = preSolution
		Debug|Any CPU = Debug|Any CPU
		Release|Any CPU = Release|Any CPU
	EndGlobalSection
	GlobalSection(ProjectConfigurationPlatforms) = postSolution
		{8374380C-BEC9-4384-8592-BBBFDE5CAB16}.Debug|Any CPU.ActiveCfg = Debug|Any CPU
		{8374380C-BEC9-4384-8592-BBBFDE5CAB16}.Debug|Any CPU.Build.0 = Debug|Any CPU
		{8374380C-BEC9-4384-8592-BBBFDE5CAB16}.Release|Any CPU.ActiveCfg = Release|Any CPU
		{8374380C-BEC9-4384-8592-BBBFDE5CAB16}.Release|Any CPU.Build.0 = Release|Any CPU
		{F4A4F7F1-DE45-4719-B2EA-295B5C8B469F}.Debug|Any CPU.ActiveCfg = Debug|Any CPU
		{F4A4F7F1-DE45-4719-B2EA-295B5C8B469F}.Debug|Any CPU.Build.0 = Debug|Any CPU
		{F4A4F7F1-DE45-4719-B2EA-295B5C8B469F}.Release|Any CPU.ActiveCfg = Release|Any CPU
		{F4A4F7F1-DE45-4719-B2EA-295B5C8B469F}.Release|Any CPU.Build.0 = Release|Any CPU
		{C62BAB0A-DFA0-44A1-A30E-3AB18237DFC2}.Debug|Any CPU.ActiveCfg = Debug|Any CPU
		{C62BAB0A-DFA0-44A1-A30E-3AB18237DFC2}.Debug|Any CPU.Build.0 = Debug|Any CPU
		{C62BAB0A-DFA0-44A1-A30E-3AB18237DFC2}.Release|Any CPU.ActiveCfg = Release|Any CPU
		{C62BAB0A-DFA0-44A1-A30E-3AB18237DFC2}.Release|Any CPU.Build.0 = Release|Any CPU
		{08643B43-D35A-45DD-A27D-4FE39136461A}.Debug|Any CPU.ActiveCfg = Debug|Any CPU
		{08643B43-D35A-45DD-A27D-4FE39136461A}.Debug|Any CPU.Build.0 = Debug|Any CPU
		{08643B43-D35A-45DD-A27D-4FE39136461A}.Release|Any CPU.ActiveCfg = Release|Any CPU
		{08643B43-D35A-45DD-A27D-4FE39136461A}.Release|Any CPU.Build.0 = Release|Any CPU
		{DC4FDB39-4EA7-4ED9-ACC2-12FC1C9BDBAF}.Debug|Any CPU.ActiveCfg = Debug|Any CPU
		{DC4FDB39-4EA7-4ED9-ACC2-12FC1C9BDBAF}.Debug|Any CPU.Build.0 = Debug|Any CPU
		{DC4FDB39-4EA7-4ED9-ACC2-12FC1C9BDBAF}.Release|Any CPU.ActiveCfg = Release|Any CPU
		{DC4FDB39-4EA7-4ED9-ACC2-12FC1C9BDBAF}.Release|Any CPU.Build.0 = Release|Any CPU
		{207969B2-C417-4D84-BE8C-7EF356B21184}.Debug|Any CPU.ActiveCfg = Debug|Any CPU
		{207969B2-C417-4D84-BE8C-7EF356B21184}.Debug|Any CPU.Build.0 = Debug|Any CPU
		{207969B2-C417-4D84-BE8C-7EF356B21184}.Release|Any CPU.ActiveCfg = Release|Any CPU
		{207969B2-C417-4D84-BE8C-7EF356B21184}.Release|Any CPU.Build.0 = Release|Any CPU
	EndGlobalSection
	GlobalSection(SolutionProperties) = preSolution
		HideSolutionNode = FALSE
	EndGlobalSection
EndGlobal
